# This file is automatically @generated by Cargo.
# It is not intended for manual editing.
version = 4

[[package]]
name = "find9"
version = "0.1.0"
dependencies = [
 "rlibbencode",
 "rlibdns",
]

[[package]]
name = "rlibbencode"
version = "0.1.0"
source = "git+https://github.com/sectorrent/rlibbencode#e829be41d62bf772d9e086bb7a5417b5d4102a03"

[[package]]
name = "rlibdns"
version = "0.1.0"
source = "git+https://github.com/ethernaught/rlibdns#f12847b4b42be8f6f960be2ed8a62da4df0a6eba"
